
Microsoft Visual Studio Solution File, Format Version 12.00
# Visual Studio 14
VisualStudioVersion = 14.0.25420.1
MinimumVisualStudioVersion = 10.0.40219.1
Project("{8BB2217D-0F2D-49D1-97BC-3654ED321F3B}") = "NBitcoin.SimpleVerificationServer", "src\NBitcoin.SimpleVerificationServer\NBitcoin.SimpleVerificationServer.xproj", "{4B61A64E-6497-4D6F-A949-AC28D7647560}"
EndProject
Project("{8BB2217D-0F2D-49D1-97BC-3654ED321F3B}") = "NBitcoin.SimpleVerificationServer.Console", "src\NBitcoin.SimpleVerificationServer.Console\NBitcoin.SimpleVerificationServer.Console.xproj", "{94FE2B7A-C02D-4D7C-85E0-ED39EDDD665E}"
EndProject
Global
	GlobalSection(SolutionConfigurationPlatforms) = preSolution
		Debug|Any CPU = Debug|Any CPU
		Release|Any CPU = Release|Any CPU
	EndGlobalSection
	GlobalSection(ProjectConfigurationPlatforms) = postSolution
		{4B61A64E-6497-4D6F-A949-AC28D7647560}.Debug|Any CPU.ActiveCfg = Debug|Any CPU
		{4B61A64E-6497-4D6F-A949-AC28D7647560}.Debug|Any CPU.Build.0 = Debug|Any CPU
		{4B61A64E-6497-4D6F-A949-AC28D7647560}.Release|Any CPU.ActiveCfg = Release|Any CPU
		{4B61A64E-6497-4D6F-A949-AC28D7647560}.Release|Any CPU.Build.0 = Release|Any CPU
		{94FE2B7A-C02D-4D7C-85E0-ED39EDDD665E}.Debug|Any CPU.ActiveCfg = Debug|Any CPU
		{94FE2B7A-C02D-4D7C-85E0-ED39EDDD665E}.Debug|Any CPU.Build.0 = Debug|Any CPU
		{94FE2B7A-C02D-4D7C-85E0-ED39EDDD665E}.Release|Any CPU.ActiveCfg = Release|Any CPU
		{94FE2B7A-C02D-4D7C-85E0-ED39EDDD665E}.Release|Any CPU.Build.0 = Release|Any CPU
	EndGlobalSection
	GlobalSection(SolutionProperties) = preSolution
		HideSolutionNode = FALSE
	EndGlobalSection
EndGlobal
